{
  "name": "prism-service",
  "version": "1.0.0",
  "lockfileVersion": 1,
  "requires": true,
  "dependencies": {
    "@types/node": {
      "version": "10.14.13",
      "resolved": "https://npm.golos.io/@types%2fnode/-/node-10.14.13.tgz",
      "integrity": "sha512-yN/FNNW1UYsRR1wwAoyOwqvDuLDtVXnaJTZ898XIw/Q5cCaeVAlVwvsmXLX5PuiScBYwZsZU4JYSHB3TvfdwvQ=="
    },
    "JSONStream": {
      "version": "1.3.5",
      "resolved": "https://npm.golos.io/JSONStream/-/JSONStream-1.3.5.tgz",
      "integrity": "sha1-MgjB8I06TZkmGrZPkjArwV4RHKA=",
      "requires": {
        "jsonparse": "^1.2.0",
        "through": ">=2.2.7 <3"
      }
    },
    "accepts": {
      "version": "1.3.7",
      "resolved": "https://npm.golos.io/accepts/-/accepts-1.3.7.tgz",
      "integrity": "sha1-UxvHJlF6OytB+FACHGzBXqq1B80=",
      "requires": {
        "mime-types": "~2.1.24",
        "negotiator": "0.6.2"
      }
    },
    "agentkeepalive": {
      "version": "3.5.2",
      "resolved": "https://registry.npmjs.org/agentkeepalive/-/agentkeepalive-3.5.2.tgz",
      "integrity": "sha1-oROSTdP6JKC8O3gQjEUMKr7gD2c=",
      "requires": {
        "humanize-ms": "^1.2.1"
      }
    },
    "ajv": {
      "version": "6.10.2",
      "resolved": "https://npm.golos.io/ajv/-/ajv-6.10.2.tgz",
      "integrity": "sha1-086gTWsBeyiUrWkED+yLYj60vVI=",
      "requires": {
        "fast-deep-equal": "^2.0.1",
        "fast-json-stable-stringify": "^2.0.0",
        "json-schema-traverse": "^0.4.1",
        "uri-js": "^4.2.2"
      }
    },
    "ansi-regex": {
      "version": "2.1.1",
      "resolved": "https://npm.golos.io/ansi-regex/-/ansi-regex-2.1.1.tgz",
      "integrity": "sha1-w7M6te42DYbg5ijwRorn7yfWVN8="
    },
    "ansi-styles": {
      "version": "2.2.1",
      "resolved": "https://registry.npmjs.org/ansi-styles/-/ansi-styles-2.2.1.tgz",
      "integrity": "sha1-tDLdM1i2NM914eRmQ2gkBTPB3b4="
    },
    "array-flatten": {
      "version": "1.1.1",
      "resolved": "https://npm.golos.io/array-flatten/-/array-flatten-1.1.1.tgz",
      "integrity": "sha1-ml9pkFGx5wczKPKgCJaLZOopVdI="
    },
    "array-uniq": {
      "version": "1.0.3",
      "resolved": "https://npm.golos.io/array-uniq/-/array-uniq-1.0.3.tgz",
      "integrity": "sha1-r2rId6Jcx/dOBYiUdThY39sk/bY="
    },
    "async": {
      "version": "2.6.2",
      "resolved": "https://npm.golos.io/async/-/async-2.6.2.tgz",
      "integrity": "sha1-GDMOp+bjE4h/XS8qkEusb+TdU4E=",
      "requires": {
        "lodash": "^4.17.11"
      }
    },
    "async-limiter": {
      "version": "1.0.0",
      "resolved": "https://npm.golos.io/async-limiter/-/async-limiter-1.0.0.tgz",
      "integrity": "sha1-ePrtjD0HSrgfIrTphdeehzj3IPg="
    },
    "babel-polyfill": {
      "version": "6.26.0",
      "resolved": "https://npm.golos.io/babel-polyfill/-/babel-polyfill-6.26.0.tgz",
      "integrity": "sha1-N5k3q8Z9eJWXCtxiHyhM2WbPIVM=",
      "requires": {
        "babel-runtime": "^6.26.0",
        "core-js": "^2.5.0",
        "regenerator-runtime": "^0.10.5"
      }
    },
    "babel-runtime": {
      "version": "6.26.0",
      "resolved": "https://npm.golos.io/babel-runtime/-/babel-runtime-6.26.0.tgz",
      "integrity": "sha1-llxwWGaOgrVde/4E/yM3vItWR/4=",
      "requires": {
        "core-js": "^2.4.0",
        "regenerator-runtime": "^0.11.0"
      },
      "dependencies": {
        "regenerator-runtime": {
          "version": "0.11.1",
          "resolved": "https://npm.golos.io/regenerator-runtime/-/regenerator-runtime-0.11.1.tgz",
          "integrity": "sha1-vgWtf5v30i4Fb5cmzuUBf78Z4uk="
        }
      }
    },
    "base-x": {
      "version": "3.0.5",
      "resolved": "http://159.69.117.25:4873/base-x/-/base-x-3.0.5.tgz",
      "integrity": "sha512-C3picSgzPSLE+jW3tcBzJoGwitOtazb5B+5YmAxZm2ybmTi9LNgAtDO/jjVEBZwHoXmDBZ9m/IELj3elJVRBcA==",
      "requires": {
        "safe-buffer": "^5.0.1"
      }
    },
    "bigi": {
      "version": "1.4.2",
      "resolved": "https://registry.npmjs.org/bigi/-/bigi-1.4.2.tgz",
      "integrity": "sha1-nGZalfiLiwj8Bc/XMfVhhZ1yWCU="
    },
    "bignumber.js": {
      "version": "7.2.1",
      "resolved": "https://npm.golos.io/bignumber.js/-/bignumber.js-7.2.1.tgz",
      "integrity": "sha1-gMBIdZ2CaACAfEv9Uh5Q7bulel8="
    },
    "bintrees": {
      "version": "1.0.1",
      "resolved": "https://npm.golos.io/bintrees/-/bintrees-1.0.1.tgz",
      "integrity": "sha1-DmVcm5wkNeqraL9AJyJtK1WjRSQ="
    },
    "bluebird": {
      "version": "3.5.1",
      "resolved": "https://npm.golos.io/bluebird/-/bluebird-3.5.1.tgz",
      "integrity": "sha1-2VUfnemPH82h5oPRfukaBgLuLrk="
    },
    "body-parser": {
      "version": "1.19.0",
      "resolved": "https://npm.golos.io/body-parser/-/body-parser-1.19.0.tgz",
      "integrity": "sha1-lrJwnlfJxOCab9Zqj9l5hE9p8Io=",
      "requires": {
        "bytes": "3.1.0",
        "content-type": "~1.0.4",
        "debug": "2.6.9",
        "depd": "~1.1.2",
        "http-errors": "1.7.2",
        "iconv-lite": "0.4.24",
        "on-finished": "~2.3.0",
        "qs": "6.7.0",
        "raw-body": "2.4.0",
        "type-is": "~1.6.17"
      }
    },
    "bodybuilder": {
      "version": "2.2.17",
      "resolved": "https://registry.npmjs.org/bodybuilder/-/bodybuilder-2.2.17.tgz",
      "integrity": "sha1-JmAMnl5JPqCUhNHcGBWuL9n5wtk=",
      "requires": {
        "lodash": "^4.17.11"
      }
    },
    "browserify-aes": {
      "version": "1.2.0",
      "resolved": "https://registry.npmjs.org/browserify-aes/-/browserify-aes-1.2.0.tgz",
      "integrity": "sha1-Mmc0ZC9APavDADIJhTu3CtQo70g=",
      "requires": {
        "buffer-xor": "^1.0.3",
        "cipher-base": "^1.0.0",
        "create-hash": "^1.1.0",
        "evp_bytestokey": "^1.0.3",
        "inherits": "^2.0.1",
        "safe-buffer": "^5.0.1"
      }
    },
    "bs58": {
      "version": "4.0.1",
      "resolved": "https://npm.golos.io/bs58/-/bs58-4.0.1.tgz",
      "integrity": "sha1-vhYedsNU9veIrkBx9j806MTwpCo=",
      "requires": {
        "base-x": "^3.0.2"
      }
    },
    "bson": {
      "version": "1.1.1",
      "resolved": "https://npm.golos.io/bson/-/bson-1.1.1.tgz",
      "integrity": "sha1-QzD16ZEExOdR5zUYWeLUCCefLxM="
    },
    "buffer-xor": {
      "version": "1.0.3",
      "resolved": "https://npm.golos.io/buffer-xor/-/buffer-xor-1.0.3.tgz",
      "integrity": "sha1-JuYe0UIvtw3ULm42cp7VHYVf6Nk="
    },
    "bytebuffer": {
      "version": "5.0.1",
      "resolved": "https://registry.npmjs.org/bytebuffer/-/bytebuffer-5.0.1.tgz",
      "integrity": "sha1-WC7qSxqHO20CCkjVjfhfC7ps/d0=",
      "requires": {
        "long": "~3"
      }
    },
    "bytes": {
      "version": "3.1.0",
      "resolved": "https://npm.golos.io/bytes/-/bytes-3.1.0.tgz",
      "integrity": "sha1-9s95M6Ng4FiPqf3oVlHNx/gF0fY="
    },
    "chalk": {
      "version": "1.1.3",
      "resolved": "https://registry.npmjs.org/chalk/-/chalk-1.1.3.tgz",
      "integrity": "sha1-qBFcVeSnAv5NFQq9OHKCKn4J/Jg=",
      "requires": {
        "ansi-styles": "^2.2.1",
        "escape-string-regexp": "^1.0.2",
        "has-ansi": "^2.0.0",
        "strip-ansi": "^3.0.0",
        "supports-color": "^2.0.0"
      },
      "dependencies": {
        "escape-string-regexp": {
          "version": "1.0.5",
          "resolved": "https://registry.npmjs.org/escape-string-regexp/-/escape-string-regexp-1.0.5.tgz",
          "integrity": "sha1-G2HAViGQqN/2rjuyzwIAyhMLhtQ="
        }
      }
    },
    "cipher-base": {
      "version": "1.0.4",
      "resolved": "https://npm.golos.io/cipher-base/-/cipher-base-1.0.4.tgz",
      "integrity": "sha1-h2Dk7MJy9MNjUy+SbYdKriwTl94=",
      "requires": {
        "inherits": "^2.0.1",
        "safe-buffer": "^5.0.1"
      }
    },
    "color-convert": {
      "version": "1.9.3",
      "resolved": "https://npm.golos.io/color-convert/-/color-convert-1.9.3.tgz",
      "integrity": "sha1-u3GFBpDh8TZWfeYp0tVHHe2kweg=",
      "requires": {
        "color-name": "1.1.3"
      }
    },
    "color-name": {
      "version": "1.1.3",
      "resolved": "https://npm.golos.io/color-name/-/color-name-1.1.3.tgz",
      "integrity": "sha1-p9BVi9icQveV3UIyj3QIMcpTvCU="
    },
    "colors": {
      "version": "1.3.3",
      "resolved": "https://npm.golos.io/colors/-/colors-1.3.3.tgz",
      "integrity": "sha1-OeAF1Uav4B4B+cTKj6UPaGoBIF0="
    },
    "commander": {
      "version": "2.20.0",
      "resolved": "https://npm.golos.io/commander/-/commander-2.20.0.tgz",
      "integrity": "sha1-1YuytcHuj4ew00ACfp6U4iLFpCI="
    },
    "content-disposition": {
      "version": "0.5.3",
      "resolved": "https://npm.golos.io/content-disposition/-/content-disposition-0.5.3.tgz",
      "integrity": "sha1-4TDK9+cnkIfFYWwgB9BIVpiYT70=",
      "requires": {
        "safe-buffer": "5.1.2"
      }
    },
    "content-type": {
      "version": "1.0.4",
      "resolved": "https://npm.golos.io/content-type/-/content-type-1.0.4.tgz",
      "integrity": "sha1-4TjMdeBAxyexlm/l5fjJruJW/js="
    },
    "cookie": {
      "version": "0.4.0",
      "resolved": "https://npm.golos.io/cookie/-/cookie-0.4.0.tgz",
      "integrity": "sha1-vrQ35wIrO21JAZ0IhmUwPr6cFLo="
    },
    "cookie-signature": {
      "version": "1.0.6",
      "resolved": "https://npm.golos.io/cookie-signature/-/cookie-signature-1.0.6.tgz",
      "integrity": "sha1-4wOogrNCzD7oylE6eZmXNNqzriw="
    },
    "core-js": {
      "version": "2.6.9",
      "resolved": "https://npm.golos.io/core-js/-/core-js-2.6.9.tgz",
      "integrity": "sha1-a0shRiDINBUuF5Mjcn/Bl0GwhPI="
    },
    "create-hash": {
      "version": "1.2.0",
      "resolved": "https://registry.npmjs.org/create-hash/-/create-hash-1.2.0.tgz",
      "integrity": "sha1-iJB4rxGmN1a8+1m9IhmWvjqe8ZY=",
      "requires": {
        "cipher-base": "^1.0.1",
        "inherits": "^2.0.1",
        "md5.js": "^1.3.4",
        "ripemd160": "^2.0.1",
        "sha.js": "^2.4.0"
      }
    },
    "create-hmac": {
      "version": "1.1.7",
      "resolved": "https://registry.npmjs.org/create-hmac/-/create-hmac-1.1.7.tgz",
      "integrity": "sha1-aRcMeLOrlXFHsriwRXLkfq0iQ/8=",
      "requires": {
        "cipher-base": "^1.0.3",
        "create-hash": "^1.1.0",
        "inherits": "^2.0.1",
        "ripemd160": "^2.0.0",
        "safe-buffer": "^5.0.1",
        "sha.js": "^2.4.8"
      }
    },
    "cyberwayjs": {
      "version": "20.0.0-beta7",
      "resolved": "https://registry.npmjs.org/cyberwayjs/-/cyberwayjs-20.0.0-beta7.tgz",
      "integrity": "sha512-BcOSlIzrjxsU205lO8WYvIekTjcAIYF/ylD1IUiBsd1e2rulLxyS5qJqjSZLyu7pp33PY4sbINvrUIGZx3EqqA==",
      "requires": {
        "babel-polyfill": "^6.26.0",
        "eosjs-ecc": "^4.0.1",
        "text-encoding": "^0.7.0"
      }
    },
    "debug": {
      "version": "2.6.9",
      "resolved": "https://npm.golos.io/debug/-/debug-2.6.9.tgz",
      "integrity": "sha1-XRKFFd8TT/Mn6QpMk/Tgd6U2NB8=",
      "requires": {
        "ms": "2.0.0"
      },
      "dependencies": {
        "ms": {
          "version": "2.0.0",
          "resolved": "https://npm.golos.io/ms/-/ms-2.0.0.tgz",
          "integrity": "sha1-VgiurfwAvmwpAd9fmGF4jeDVl8g="
        }
      }
    },
    "deepmerge": {
      "version": "3.3.0",
      "resolved": "https://npm.golos.io/deepmerge/-/deepmerge-3.3.0.tgz",
      "integrity": "sha1-08R/1vOpPVF7FEJrBiihewEl9fc="
    },
    "depd": {
      "version": "1.1.2",
      "resolved": "https://npm.golos.io/depd/-/depd-1.1.2.tgz",
      "integrity": "sha1-m81S4UwJd2PnSbJ0xDRu0uVgtak="
    },
    "destroy": {
      "version": "1.0.4",
      "resolved": "https://npm.golos.io/destroy/-/destroy-1.0.4.tgz",
      "integrity": "sha1-l4hXRCxEdJ5CBmE+N5RiBYJqvYA="
    },
    "dom-serializer": {
      "version": "0.1.1",
      "resolved": "https://npm.golos.io/dom-serializer/-/dom-serializer-0.1.1.tgz",
      "integrity": "sha1-HsQFnihLq+027sKUHUqXChic58A=",
      "requires": {
        "domelementtype": "^1.3.0",
        "entities": "^1.1.1"
      }
    },
    "domelementtype": {
      "version": "1.3.1",
      "resolved": "https://npm.golos.io/domelementtype/-/domelementtype-1.3.1.tgz",
      "integrity": "sha1-0EjESzew0Qp/Kj1f7j9DM9eQSB8="
    },
    "domhandler": {
      "version": "2.4.2",
      "resolved": "https://npm.golos.io/domhandler/-/domhandler-2.4.2.tgz",
      "integrity": "sha1-iAUJfpM9ZehVRvcm1g9euItE+AM=",
      "requires": {
        "domelementtype": "1"
      }
    },
    "domutils": {
      "version": "1.7.0",
      "resolved": "https://npm.golos.io/domutils/-/domutils-1.7.0.tgz",
      "integrity": "sha1-Vuo0HoNOBuZ0ivehyyXaZ+qfjCo=",
      "requires": {
        "dom-serializer": "0",
        "domelementtype": "1"
      }
    },
    "ecurve": {
      "version": "1.0.6",
      "resolved": "https://npm.golos.io/ecurve/-/ecurve-1.0.6.tgz",
      "integrity": "sha1-39q7txSfjYt4gWvlp9W4P89t55c=",
      "requires": {
        "bigi": "^1.1.0",
        "safe-buffer": "^5.0.1"
      }
    },
    "ee-first": {
      "version": "1.1.1",
      "resolved": "https://npm.golos.io/ee-first/-/ee-first-1.1.1.tgz",
      "integrity": "sha1-WQxhFWsK4vTwJVcyoViyZrxWsh0="
    },
    "elasticsearch": {
      "version": "15.5.0",
      "resolved": "https://registry.npmjs.org/elasticsearch/-/elasticsearch-15.5.0.tgz",
      "integrity": "sha1-YtnyOM+eELgcUKIwOqRwwffaazc=",
      "requires": {
        "agentkeepalive": "^3.4.1",
        "chalk": "^1.0.0",
        "lodash": "^4.17.10"
      }
    },
    "encodeurl": {
      "version": "1.0.2",
      "resolved": "https://npm.golos.io/encodeurl/-/encodeurl-1.0.2.tgz",
      "integrity": "sha1-rT/0yG7C0CkyL1oCw6mmBslbP1k="
    },
    "entities": {
      "version": "1.1.2",
      "resolved": "https://npm.golos.io/entities/-/entities-1.1.2.tgz",
      "integrity": "sha1-vfpzUplmTfr9NFKe1PhSKidf6lY="
    },
    "eosjs-ecc": {
      "version": "4.0.4",
      "resolved": "https://npm.golos.io/eosjs-ecc/-/eosjs-ecc-4.0.4.tgz",
      "integrity": "sha1-QxRQ8wpvcwiP9de6Hr3+lnpcpKs=",
      "requires": {
        "bigi": "^1.4.2",
        "browserify-aes": "^1.0.6",
        "bs58": "^4.0.1",
        "bytebuffer": "^5.0.1",
        "create-hash": "^1.1.3",
        "create-hmac": "^1.1.6",
        "ecurve": "^1.0.5",
        "randombytes": "^2.0.5"
      }
    },
    "es6-promise": {
      "version": "4.2.8",
      "resolved": "https://npm.golos.io/es6-promise/-/es6-promise-4.2.8.tgz",
      "integrity": "sha1-TrIVlMlyvEBVPSduUQU5FD21Pgo="
    },
    "es6-promisify": {
      "version": "5.0.0",
      "resolved": "https://npm.golos.io/es6-promisify/-/es6-promisify-5.0.0.tgz",
      "integrity": "sha1-UQnWLz5W6pZ8S2NQWu8IKRyKUgM=",
      "requires": {
        "es6-promise": "^4.0.3"
      }
    },
    "escape-html": {
      "version": "1.0.3",
      "resolved": "https://npm.golos.io/escape-html/-/escape-html-1.0.3.tgz",
      "integrity": "sha1-Aljq5NPQwJdN4cFpGI7wBR0dGYg="
    },
    "escape-string-regexp": {
      "version": "2.0.0",
      "resolved": "https://registry.npmjs.org/escape-string-regexp/-/escape-string-regexp-2.0.0.tgz",
      "integrity": "sha512-UpzcLCXolUWcNu5HtVMHYdXJjArjsF9C0aNnquZYY4uW/Vu0miy5YoWvbV345HauVvcAUnpRuhMMcqTcGOY2+w=="
    },
    "etag": {
      "version": "1.8.1",
      "resolved": "https://npm.golos.io/etag/-/etag-1.8.1.tgz",
      "integrity": "sha1-Qa4u62XvpiJorr/qg6x9eSmbCIc="
    },
    "evp_bytestokey": {
      "version": "1.0.3",
      "resolved": "https://npm.golos.io/evp_bytestokey/-/evp_bytestokey-1.0.3.tgz",
      "integrity": "sha1-f8vbGY3HGVlDLv4ThCaE4FJaywI=",
      "requires": {
        "md5.js": "^1.3.4",
        "safe-buffer": "^5.1.1"
      }
    },
    "express": {
      "version": "4.17.1",
      "resolved": "https://npm.golos.io/express/-/express-4.17.1.tgz",
      "integrity": "sha1-RJH8OGBc9R+GKdOcK10Cb5ikwTQ=",
      "requires": {
        "accepts": "~1.3.7",
        "array-flatten": "1.1.1",
        "body-parser": "1.19.0",
        "content-disposition": "0.5.3",
        "content-type": "~1.0.4",
        "cookie": "0.4.0",
        "cookie-signature": "1.0.6",
        "debug": "2.6.9",
        "depd": "~1.1.2",
        "encodeurl": "~1.0.2",
        "escape-html": "~1.0.3",
        "etag": "~1.8.1",
        "finalhandler": "~1.1.2",
        "fresh": "0.5.2",
        "merge-descriptors": "1.0.1",
        "methods": "~1.1.2",
        "on-finished": "~2.3.0",
        "parseurl": "~1.3.3",
        "path-to-regexp": "0.1.7",
        "proxy-addr": "~2.0.5",
        "qs": "6.7.0",
        "range-parser": "~1.2.1",
        "safe-buffer": "5.1.2",
        "send": "0.17.1",
        "serve-static": "1.14.1",
        "setprototypeof": "1.1.1",
        "statuses": "~1.5.0",
        "type-is": "~1.6.18",
        "utils-merge": "1.0.1",
        "vary": "~1.1.2"
      }
    },
    "eyes": {
      "version": "0.1.8",
      "resolved": "https://npm.golos.io/eyes/-/eyes-0.1.8.tgz",
      "integrity": "sha1-Ys8SAjTGg3hdkCNIqADvPgzCC8A="
    },
    "fast-deep-equal": {
      "version": "2.0.1",
      "resolved": "https://npm.golos.io/fast-deep-equal/-/fast-deep-equal-2.0.1.tgz",
      "integrity": "sha1-ewUhjd+WZ79/Nwv3/bLLFf3Qqkk="
    },
    "fast-json-stable-stringify": {
      "version": "2.0.0",
      "resolved": "https://npm.golos.io/fast-json-stable-stringify/-/fast-json-stable-stringify-2.0.0.tgz",
      "integrity": "sha1-1RQsDK7msRifh9OnYREGT4bIu/I="
    },
    "finalhandler": {
      "version": "1.1.2",
      "resolved": "https://npm.golos.io/finalhandler/-/finalhandler-1.1.2.tgz",
      "integrity": "sha1-t+fQAP/RGTjQ/bBTUG9uur6fWH0=",
      "requires": {
        "debug": "2.6.9",
        "encodeurl": "~1.0.2",
        "escape-html": "~1.0.3",
        "on-finished": "~2.3.0",
        "parseurl": "~1.3.3",
        "statuses": "~1.5.0",
        "unpipe": "~1.0.0"
      }
    },
    "forwarded": {
      "version": "0.1.2",
      "resolved": "https://npm.golos.io/forwarded/-/forwarded-0.1.2.tgz",
      "integrity": "sha1-mMI9qxF1ZXuMBXPozszZGw/xjIQ="
    },
    "fresh": {
      "version": "0.5.2",
      "resolved": "https://npm.golos.io/fresh/-/fresh-0.5.2.tgz",
      "integrity": "sha1-PYyt2Q2XZWn6g1qx+OSyOhBWBac="
    },
    "gls-core-service": {
      "version": "3.50.1",
      "resolved": "https://npm.golos.io/gls-core-service/-/gls-core-service-3.50.1.tgz",
      "integrity": "sha512-UAcLwuUENf00gsbnwFVc5GbFCIZyAXZB58tQR+XYFE87uQdhgDnCLwrL/RcdMojZmWz1EzlWR9qa1PjZ3P8c8w==",
      "requires": {
        "ajv": "^6.10.2",
        "bignumber.js": "^7.2.1",
        "colors": "^1.3.3",
        "cyberwayjs": "^20.0.0-beta7",
        "deepmerge": "^3.3.0",
        "eosjs-ecc": "^4.0.4",
        "express": "^4.17.1",
        "jayson": "^2.1.2",
        "lodash.template": "^4.5.0",
        "moment": "^2.24.0",
        "mongoose": "^5.6.5",
        "node-fetch": "^2.6.0",
        "node-nats-streaming": "^0.2.6",
        "prom-client": "^11.5.3",
        "random": "^2.1.1",
        "sanitize-html": "^1.20.1",
        "text-encoding": "^0.7.0",
        "then-sleep": "^1.0.1",
        "ws": "^5.2.2"
      },
      "dependencies": {
        "node-nats-streaming": {
          "version": "0.2.6",
          "resolved": "https://npm.golos.io/node-nats-streaming/-/node-nats-streaming-0.2.6.tgz",
          "integrity": "sha512-UTS/tHextk+qdXl0fiSKFPU12eWsRkeRzbzo1zk6ZbXu/PnszKtnSwzxhVRYveU7VjDebYsAFpde1MjC5Y3Nvw==",
          "requires": {
            "google-protobuf": "^3.9.0",
            "nats": "^1.3.0",
            "nuid": "^1.1.0"
          }
        }
      }
    },
    "google-protobuf": {
      "version": "3.9.0",
      "resolved": "https://registry.npmjs.org/google-protobuf/-/google-protobuf-3.9.0.tgz",
      "integrity": "sha1-HzPlHnmT6lHnWKgmUK1DRyc7m8Y="
    },
    "has-ansi": {
      "version": "2.0.0",
      "resolved": "https://registry.npmjs.org/has-ansi/-/has-ansi-2.0.0.tgz",
      "integrity": "sha1-NPUEnOHs3ysGSa8+8k5F7TVBbZE=",
      "requires": {
        "ansi-regex": "^2.0.0"
      }
    },
    "has-flag": {
      "version": "3.0.0",
      "resolved": "https://npm.golos.io/has-flag/-/has-flag-3.0.0.tgz",
      "integrity": "sha1-tdRU3CGZriJWmfNGfloH87lVuv0="
    },
    "hash-base": {
      "version": "3.0.4",
      "resolved": "https://npm.golos.io/hash-base/-/hash-base-3.0.4.tgz",
      "integrity": "sha1-X8hoaEfs1zSZQDMZprCj8/auSRg=",
      "requires": {
        "inherits": "^2.0.1",
        "safe-buffer": "^5.0.1"
      }
    },
    "htmlparser2": {
      "version": "3.10.1",
      "resolved": "https://npm.golos.io/htmlparser2/-/htmlparser2-3.10.1.tgz",
      "integrity": "sha1-vWedw/WYl7ajS7EHSchVu1OpOS8=",
      "requires": {
        "domelementtype": "^1.3.1",
        "domhandler": "^2.3.0",
        "domutils": "^1.5.1",
        "entities": "^1.1.1",
        "inherits": "^2.0.1",
        "readable-stream": "^3.1.1"
      }
    },
    "http-errors": {
      "version": "1.7.2",
      "resolved": "https://npm.golos.io/http-errors/-/http-errors-1.7.2.tgz",
      "integrity": "sha1-T1ApzxMjnzEDblsuVSkrz7zIXI8=",
      "requires": {
        "depd": "~1.1.2",
        "inherits": "2.0.3",
        "setprototypeof": "1.1.1",
        "statuses": ">= 1.5.0 < 2",
        "toidentifier": "1.0.0"
      }
    },
    "humanize-ms": {
      "version": "1.2.1",
      "resolved": "https://registry.npmjs.org/humanize-ms/-/humanize-ms-1.2.1.tgz",
      "integrity": "sha1-xG4xWaKT9riW2ikxbYtv6Lt5u+0=",
      "requires": {
        "ms": "^2.0.0"
      }
    },
    "iconv-lite": {
      "version": "0.4.24",
      "resolved": "https://npm.golos.io/iconv-lite/-/iconv-lite-0.4.24.tgz",
      "integrity": "sha1-ICK0sl+93CHS9SSXSkdKr+czkIs=",
      "requires": {
        "safer-buffer": ">= 2.1.2 < 3"
      }
    },
    "inherits": {
      "version": "2.0.3",
      "resolved": "http://159.69.117.25:4873/inherits/-/inherits-2.0.3.tgz",
      "integrity": "sha1-Yzwsg+PaQqUC9SRmAiSA9CCCYd4="
    },
    "ipaddr.js": {
      "version": "1.9.0",
      "resolved": "https://npm.golos.io/ipaddr.js/-/ipaddr.js-1.9.0.tgz",
      "integrity": "sha1-N9905DCg5HVQ/lSi3v4w2KzZX2U="
    },
    "jayson": {
      "version": "2.1.2",
      "resolved": "https://npm.golos.io/jayson/-/jayson-2.1.2.tgz",
      "integrity": "sha1-NhL1eFKbXMhDAfCY8pzRYSEZ5T0=",
      "requires": {
        "@types/node": "^10.3.5",
        "JSONStream": "^1.3.1",
        "commander": "^2.12.2",
        "es6-promisify": "^5.0.0",
        "eyes": "^0.1.8",
        "json-stringify-safe": "^5.0.1",
        "lodash": "^4.17.11",
        "uuid": "^3.2.1"
      }
    },
    "json-schema-traverse": {
      "version": "0.4.1",
      "resolved": "https://npm.golos.io/json-schema-traverse/-/json-schema-traverse-0.4.1.tgz",
      "integrity": "sha1-afaofZUTq4u4/mO9sJecRI5oRmA="
    },
    "json-stringify-safe": {
      "version": "5.0.1",
      "resolved": "https://npm.golos.io/json-stringify-safe/-/json-stringify-safe-5.0.1.tgz",
      "integrity": "sha1-Epai1Y/UXxmg9s4B1lcB4sc1tus="
    },
    "jsonparse": {
      "version": "1.3.1",
      "resolved": "https://npm.golos.io/jsonparse/-/jsonparse-1.3.1.tgz",
      "integrity": "sha1-P02uSpH6wxX3EGL4UhzCOfE2YoA="
    },
    "kareem": {
      "version": "2.3.0",
      "resolved": "https://npm.golos.io/kareem/-/kareem-2.3.0.tgz",
      "integrity": "sha1-7zPELpAk3OUR7q9EDNaE868fx2k="
    },
    "lodash": {
      "version": "4.17.14",
      "resolved": "https://registry.npmjs.org/lodash/-/lodash-4.17.14.tgz",
      "integrity": "sha1-nOSHrmbJYlT+ILWZ8htoFgKAeLo="
    },
    "lodash._reinterpolate": {
      "version": "3.0.0",
      "resolved": "https://npm.golos.io/lodash._reinterpolate/-/lodash._reinterpolate-3.0.0.tgz",
      "integrity": "sha1-DM8tiRZq8Ds2Y8eWU4t1rG4RTZ0="
    },
    "lodash.clonedeep": {
      "version": "4.5.0",
      "resolved": "https://npm.golos.io/lodash.clonedeep/-/lodash.clonedeep-4.5.0.tgz",
      "integrity": "sha1-4j8/nE+Pvd6HJSnBBxhXoIblzO8="
    },
    "lodash.escaperegexp": {
      "version": "4.1.2",
      "resolved": "https://npm.golos.io/lodash.escaperegexp/-/lodash.escaperegexp-4.1.2.tgz",
      "integrity": "sha1-ZHYsSGGAglGKw99Mz11YhtriA0c="
    },
    "lodash.isplainobject": {
      "version": "4.0.6",
      "resolved": "https://npm.golos.io/lodash.isplainobject/-/lodash.isplainobject-4.0.6.tgz",
      "integrity": "sha1-fFJqUtibRcRcxpC4gWO+BJf1UMs="
    },
    "lodash.isstring": {
      "version": "4.0.1",
      "resolved": "https://npm.golos.io/lodash.isstring/-/lodash.isstring-4.0.1.tgz",
      "integrity": "sha1-1SfftUVuynzJu5XV2ur4i6VKVFE="
    },
    "lodash.mergewith": {
      "version": "4.6.2",
      "resolved": "https://npm.golos.io/lodash.mergewith/-/lodash.mergewith-4.6.2.tgz",
      "integrity": "sha1-YXEh+JrFX1kEfHrsHM1mVMZZD1U="
    },
    "lodash.template": {
      "version": "4.5.0",
      "resolved": "https://npm.golos.io/lodash.template/-/lodash.template-4.5.0.tgz",
      "integrity": "sha1-+XYZXPPzR9DV9SSDVp/oAxzM6Ks=",
      "requires": {
        "lodash._reinterpolate": "^3.0.0",
        "lodash.templatesettings": "^4.0.0"
      }
    },
    "lodash.templatesettings": {
      "version": "4.2.0",
      "resolved": "https://npm.golos.io/lodash.templatesettings/-/lodash.templatesettings-4.2.0.tgz",
      "integrity": "sha1-5IExDwSdPPbUfpEq0JMTsVTw+zM=",
      "requires": {
        "lodash._reinterpolate": "^3.0.0"
      }
    },
    "long": {
      "version": "3.2.0",
      "resolved": "https://npm.golos.io/long/-/long-3.2.0.tgz",
      "integrity": "sha1-2CG3E4yhy1gcFymQ7xTbIAtcR0s="
    },
    "md5.js": {
      "version": "1.3.5",
      "resolved": "https://npm.golos.io/md5.js/-/md5.js-1.3.5.tgz",
      "integrity": "sha1-tdB7jjIW4+J81yjXL3DR5qNCAF8=",
      "requires": {
        "hash-base": "^3.0.0",
        "inherits": "^2.0.1",
        "safe-buffer": "^5.1.2"
      }
    },
    "media-typer": {
      "version": "0.3.0",
      "resolved": "https://npm.golos.io/media-typer/-/media-typer-0.3.0.tgz",
      "integrity": "sha1-hxDXrwqmJvj/+hzgAWhUUmMlV0g="
    },
    "memory-pager": {
      "version": "1.5.0",
      "resolved": "https://npm.golos.io/memory-pager/-/memory-pager-1.5.0.tgz",
      "integrity": "sha1-2HUWVdItOEaCdByXLyw9bfo+ZrU=",
      "optional": true
    },
    "merge-descriptors": {
      "version": "1.0.1",
      "resolved": "https://npm.golos.io/merge-descriptors/-/merge-descriptors-1.0.1.tgz",
      "integrity": "sha1-sAqqVW3YtEVoFQ7J0blT8/kMu2E="
    },
    "methods": {
      "version": "1.1.2",
      "resolved": "https://npm.golos.io/methods/-/methods-1.1.2.tgz",
      "integrity": "sha1-VSmk1nZUE07cxSZmVoNbD4Ua/O4="
    },
    "mime": {
      "version": "1.6.0",
      "resolved": "https://npm.golos.io/mime/-/mime-1.6.0.tgz",
      "integrity": "sha1-Ms2eXGRVO9WNGaVor0Uqz/BJgbE="
    },
    "mime-db": {
      "version": "1.40.0",
      "resolved": "https://npm.golos.io/mime-db/-/mime-db-1.40.0.tgz",
      "integrity": "sha1-plBX6ZjbCQ9zKmj2wnbTh9QSbDI="
    },
    "mime-types": {
      "version": "2.1.24",
      "resolved": "https://npm.golos.io/mime-types/-/mime-types-2.1.24.tgz",
      "integrity": "sha1-tvjQs+lR77d97eyhlM/20W9nb4E=",
      "requires": {
        "mime-db": "1.40.0"
      }
    },
    "moment": {
      "version": "2.24.0",
      "resolved": "https://registry.npmjs.org/moment/-/moment-2.24.0.tgz",
      "integrity": "sha1-DQVdU/UFKqZTyfbraLtdEr9cK1s="
    },
    "mongodb": {
      "version": "3.2.7",
      "resolved": "https://npm.golos.io/mongodb/-/mongodb-3.2.7.tgz",
      "integrity": "sha1-i6FJ5L5wglfK0N6nKuuyu7MRp6w=",
      "requires": {
        "mongodb-core": "3.2.7",
        "safe-buffer": "^5.1.2"
      }
    },
    "mongodb-core": {
      "version": "3.2.7",
      "resolved": "https://npm.golos.io/mongodb-core/-/mongodb-core-3.2.7.tgz",
      "integrity": "sha1-qO8f52Shksl5JS2svGANyI134o8=",
      "requires": {
        "bson": "^1.1.1",
        "require_optional": "^1.0.1",
        "safe-buffer": "^5.1.2",
        "saslprep": "^1.0.0"
      }
    },
    "mongoose": {
      "version": "5.6.5",
      "resolved": "https://npm.golos.io/mongoose/-/mongoose-5.6.5.tgz",
      "integrity": "sha512-c8bIo8mxbf1ybwo9jgPKcJRICQBlIMKwDWt2A+M7h0AutroQ5EqzRAYOK1vrHwwwq00EcJyVwjVBW2wv8E9Wfw==",
      "requires": {
        "async": "2.6.2",
        "bson": "~1.1.1",
        "kareem": "2.3.0",
        "mongodb": "3.2.7",
        "mongodb-core": "3.2.7",
        "mongoose-legacy-pluralize": "1.0.2",
        "mpath": "0.6.0",
        "mquery": "3.2.1",
        "ms": "2.1.2",
        "regexp-clone": "1.0.0",
        "safe-buffer": "5.1.2",
        "sift": "7.0.1",
        "sliced": "1.0.1"
      }
    },
    "mongoose-legacy-pluralize": {
      "version": "1.0.2",
      "resolved": "https://npm.golos.io/mongoose-legacy-pluralize/-/mongoose-legacy-pluralize-1.0.2.tgz",
      "integrity": "sha1-O6n5H6UHtRhtOZ+0CFS/8Y+1Y+Q="
    },
    "mpath": {
      "version": "0.6.0",
      "resolved": "https://npm.golos.io/mpath/-/mpath-0.6.0.tgz",
      "integrity": "sha1-qpIgKfyk8PZB82DnTFwbakxHB44="
    },
    "mquery": {
      "version": "3.2.1",
      "resolved": "https://npm.golos.io/mquery/-/mquery-3.2.1.tgz",
      "integrity": "sha1-iwWaSc2uCoqegEKE72TC9Y06wF0=",
      "requires": {
        "bluebird": "3.5.1",
        "debug": "3.1.0",
        "regexp-clone": "^1.0.0",
        "safe-buffer": "5.1.2",
        "sliced": "1.0.1"
      },
      "dependencies": {
        "debug": {
          "version": "3.1.0",
          "resolved": "https://npm.golos.io/debug/-/debug-3.1.0.tgz",
          "integrity": "sha1-W7WgZyYotkFJVmuhaBnmFRjGcmE=",
          "requires": {
            "ms": "2.0.0"
          }
        },
        "ms": {
          "version": "2.0.0",
          "resolved": "https://npm.golos.io/ms/-/ms-2.0.0.tgz",
          "integrity": "sha1-VgiurfwAvmwpAd9fmGF4jeDVl8g="
        }
      }
    },
    "ms": {
      "version": "2.1.2",
      "resolved": "https://npm.golos.io/ms/-/ms-2.1.2.tgz",
      "integrity": "sha1-0J0fNXtEP0kzgqjrPM0YOHKuYAk="
    },
    "native-or-bluebird": {
      "version": "1.2.0",
      "resolved": "https://npm.golos.io/native-or-bluebird/-/native-or-bluebird-1.2.0.tgz",
      "integrity": "sha1-OcR7/Xgl0fuf+tMiEK4l2q3xAck="
    },
    "nats": {
      "version": "1.3.0",
      "resolved": "https://npm.golos.io/nats/-/nats-1.3.0.tgz",
      "integrity": "sha1-Iqmai/vPphGNsU/60vMfHyGXOHw=",
      "requires": {
        "nuid": "^1.0.0",
        "ts-nkeys": "^1.0.8"
      }
    },
    "negotiator": {
      "version": "0.6.2",
      "resolved": "https://npm.golos.io/negotiator/-/negotiator-0.6.2.tgz",
      "integrity": "sha1-/qz3zPUlp3rpY0Q2pkiD/+yjRvs="
    },
    "node-fetch": {
      "version": "2.6.0",
      "resolved": "https://npm.golos.io/node-fetch/-/node-fetch-2.6.0.tgz",
      "integrity": "sha1-5jNFY4bUqlWGP2dqerDaqP3ssP0="
    },
    "node-nats-streaming": {
      "version": "0.2.4",
      "resolved": "https://registry.npmjs.org/node-nats-streaming/-/node-nats-streaming-0.2.4.tgz",
      "integrity": "sha1-ScxZsZ5f/8W9s3tWMdYtcXO/j8Y=",
      "requires": {
        "google-protobuf": "^3.8.0",
        "nats": "^1.3.0",
        "nuid": "^1.1.0"
      }
    },
    "nuid": {
      "version": "1.1.0",
      "resolved": "https://npm.golos.io/nuid/-/nuid-1.1.0.tgz",
      "integrity": "sha1-4MV0Y1CiVWL1goMZfzTFCGH0RnU="
    },
    "number-is-nan": {
      "version": "1.0.1",
      "resolved": "https://npm.golos.io/number-is-nan/-/number-is-nan-1.0.1.tgz",
      "integrity": "sha1-CXtgK1NCKlIsGvuHkDGDNpQaAR0="
    },
    "on-finished": {
      "version": "2.3.0",
      "resolved": "https://npm.golos.io/on-finished/-/on-finished-2.3.0.tgz",
      "integrity": "sha1-IPEzZIGwg811M3mSoWlxqi2QaUc=",
      "requires": {
        "ee-first": "1.1.1"
      }
    },
    "ow": {
      "version": "0.4.0",
      "resolved": "https://npm.golos.io/ow/-/ow-0.4.0.tgz",
      "integrity": "sha1-EZqEbSNzjOEWdzMf74o/vgGesFs="
    },
    "ow-lite": {
      "version": "0.0.2",
      "resolved": "https://npm.golos.io/ow-lite/-/ow-lite-0.0.2.tgz",
      "integrity": "sha1-359QDmdAtlkKHpqWVzDUmo61l9E="
    },
    "parseurl": {
      "version": "1.3.3",
      "resolved": "https://npm.golos.io/parseurl/-/parseurl-1.3.3.tgz",
      "integrity": "sha1-naGee+6NEt/wUT7Vt2lXeTvC6NQ="
    },
    "path-to-regexp": {
      "version": "0.1.7",
      "resolved": "https://npm.golos.io/path-to-regexp/-/path-to-regexp-0.1.7.tgz",
      "integrity": "sha1-32BBeABfUi8V60SQ5yR6G/qmf4w="
    },
    "pluralize": {
      "version": "7.0.0",
      "resolved": "https://registry.npmjs.org/pluralize/-/pluralize-7.0.0.tgz",
      "integrity": "sha1-KYuJ34uTsCIdv0Ia0rGx6iP8Z3c="
    },
    "postcss": {
      "version": "7.0.17",
      "resolved": "https://npm.golos.io/postcss/-/postcss-7.0.17.tgz",
      "integrity": "sha1-TaG9/1Mi1KCsqrTYfz54JDa60x8=",
      "requires": {
        "chalk": "^2.4.2",
        "source-map": "^0.6.1",
        "supports-color": "^6.1.0"
      },
      "dependencies": {
        "ansi-styles": {
          "version": "3.2.1",
          "resolved": "https://npm.golos.io/ansi-styles/-/ansi-styles-3.2.1.tgz",
          "integrity": "sha1-QfuyAkPlCxK+DwS43tvwdSDOhB0=",
          "requires": {
            "color-convert": "^1.9.0"
          }
        },
        "chalk": {
          "version": "2.4.2",
          "resolved": "https://npm.golos.io/chalk/-/chalk-2.4.2.tgz",
          "integrity": "sha1-zUJUFnelQzPPVBpJEIwUMrRMlCQ=",
          "requires": {
            "ansi-styles": "^3.2.1",
            "escape-string-regexp": "^1.0.5",
            "supports-color": "^5.3.0"
          },
          "dependencies": {
            "escape-string-regexp": {
              "version": "1.0.5",
              "resolved": "https://registry.npmjs.org/escape-string-regexp/-/escape-string-regexp-1.0.5.tgz",
              "integrity": "sha1-G2HAViGQqN/2rjuyzwIAyhMLhtQ="
            },
            "supports-color": {
              "version": "5.5.0",
              "resolved": "https://npm.golos.io/supports-color/-/supports-color-5.5.0.tgz",
              "integrity": "sha1-4uaaRKyHcveKHsCzW2id9lMO/I8=",
              "requires": {
                "has-flag": "^3.0.0"
              }
            }
          }
        },
        "supports-color": {
          "version": "6.1.0",
          "resolved": "https://npm.golos.io/supports-color/-/supports-color-6.1.0.tgz",
          "integrity": "sha1-B2Srxpxj1ayELdSGfo0CXogN+PM=",
          "requires": {
            "has-flag": "^3.0.0"
          }
        }
      }
    },
    "prettier": {
      "version": "1.18.2",
      "resolved": "https://registry.npmjs.org/prettier/-/prettier-1.18.2.tgz",
      "integrity": "sha1-aCPnxZAAF7S9Os9G/prEtNe9qeo=",
      "dev": true
    },
    "prom-client": {
      "version": "11.5.3",
      "resolved": "https://npm.golos.io/prom-client/-/prom-client-11.5.3.tgz",
      "integrity": "sha1-X+384Qg7rGwrIjc46WbQ4WQ3Vvg=",
      "requires": {
        "tdigest": "^0.1.1"
      }
    },
    "proxy-addr": {
      "version": "2.0.5",
      "resolved": "https://npm.golos.io/proxy-addr/-/proxy-addr-2.0.5.tgz",
      "integrity": "sha1-NMvWSi2B9LH9IedvnwbIpFKZ7jQ=",
      "requires": {
        "forwarded": "~0.1.2",
        "ipaddr.js": "1.9.0"
      }
    },
    "punycode": {
      "version": "2.1.1",
      "resolved": "https://npm.golos.io/punycode/-/punycode-2.1.1.tgz",
      "integrity": "sha1-tYsBCsQMIsVldhbI0sLALHv0eew="
    },
    "qs": {
      "version": "6.7.0",
      "resolved": "https://npm.golos.io/qs/-/qs-6.7.0.tgz",
      "integrity": "sha1-QdwaAV49WB8WIXdr4xr7KHapsbw="
    },
    "random": {
      "version": "2.1.1",
      "resolved": "https://npm.golos.io/random/-/random-2.1.1.tgz",
      "integrity": "sha1-Ein6SnUv2bt6YF3g1wFH+O02yzA=",
      "requires": {
        "babel-runtime": "^6.26.0",
        "ow": "^0.4.0",
        "ow-lite": "^0.0.2",
        "seedrandom": "^2.4.4"
      }
    },
    "randombytes": {
      "version": "2.1.0",
      "resolved": "https://npm.golos.io/randombytes/-/randombytes-2.1.0.tgz",
      "integrity": "sha1-32+ENy8CcNxlzfYpE0mrekc9Tyo=",
      "requires": {
        "safe-buffer": "^5.1.0"
      }
    },
    "range-parser": {
      "version": "1.2.1",
      "resolved": "https://npm.golos.io/range-parser/-/range-parser-1.2.1.tgz",
      "integrity": "sha1-PPNwI9GZ4cJNGlW4SADC8+ZGgDE="
    },
    "raw-body": {
      "version": "2.4.0",
      "resolved": "https://npm.golos.io/raw-body/-/raw-body-2.4.0.tgz",
      "integrity": "sha1-oc5vucm8NWylLoklarWQWeE9AzI=",
      "requires": {
        "bytes": "3.1.0",
        "http-errors": "1.7.2",
        "iconv-lite": "0.4.24",
        "unpipe": "1.0.0"
      }
    },
    "readable-stream": {
      "version": "3.4.0",
      "resolved": "https://npm.golos.io/readable-stream/-/readable-stream-3.4.0.tgz",
      "integrity": "sha1-pRwmdUZY4KPCHb9ZFjvUW6b0R/w=",
      "requires": {
        "inherits": "^2.0.3",
        "string_decoder": "^1.1.1",
        "util-deprecate": "^1.0.1"
      }
    },
    "regenerator-runtime": {
      "version": "0.10.5",
      "resolved": "https://npm.golos.io/regenerator-runtime/-/regenerator-runtime-0.10.5.tgz",
      "integrity": "sha1-M2w+/BIgrc7dosn6tntaeVWjNlg="
    },
    "regexp-clone": {
      "version": "1.0.0",
      "resolved": "https://npm.golos.io/regexp-clone/-/regexp-clone-1.0.0.tgz",
      "integrity": "sha1-Ii25Z2IydwViYLmSYmNUoEzpv2M="
    },
    "require_optional": {
      "version": "1.0.1",
      "resolved": "https://npm.golos.io/require_optional/-/require_optional-1.0.1.tgz",
      "integrity": "sha1-TPNaQkf2TKPfjC7yCMxJSxyo/C4=",
      "requires": {
        "resolve-from": "^2.0.0",
        "semver": "^5.1.0"
      }
    },
    "resolve-from": {
      "version": "2.0.0",
      "resolved": "https://npm.golos.io/resolve-from/-/resolve-from-2.0.0.tgz",
      "integrity": "sha1-lICrIOlP+h2egKgEx+oUdhGWa1c="
    },
    "ripemd160": {
      "version": "2.0.2",
      "resolved": "https://npm.golos.io/ripemd160/-/ripemd160-2.0.2.tgz",
      "integrity": "sha1-ocGm9iR1FXe6XQeRTLyShQWFiQw=",
      "requires": {
        "hash-base": "^3.0.0",
        "inherits": "^2.0.1"
      }
    },
    "safe-buffer": {
      "version": "5.1.2",
      "resolved": "http://159.69.117.25:4873/safe-buffer/-/safe-buffer-5.1.2.tgz",
      "integrity": "sha512-Gd2UZBJDkXlY7GbJxfsE8/nvKkUEU1G38c1siN6QP6a9PT9MmHB8GnpscSmMJSoF8LOIrt8ud/wPtojys4G6+g=="
    },
    "safer-buffer": {
      "version": "2.1.2",
      "resolved": "https://npm.golos.io/safer-buffer/-/safer-buffer-2.1.2.tgz",
      "integrity": "sha1-RPoWGwGHuVSd2Eu5GAL5vYOFzWo="
    },
    "sanitize-html": {
      "version": "1.20.1",
      "resolved": "https://npm.golos.io/sanitize-html/-/sanitize-html-1.20.1.tgz",
      "integrity": "sha1-9u/99V3TmIBxcSFaYr/CGBG6z4U=",
      "requires": {
        "chalk": "^2.4.1",
        "htmlparser2": "^3.10.0",
        "lodash.clonedeep": "^4.5.0",
        "lodash.escaperegexp": "^4.1.2",
        "lodash.isplainobject": "^4.0.6",
        "lodash.isstring": "^4.0.1",
        "lodash.mergewith": "^4.6.1",
        "postcss": "^7.0.5",
        "srcset": "^1.0.0",
        "xtend": "^4.0.1"
      },
      "dependencies": {
        "ansi-styles": {
          "version": "3.2.1",
          "resolved": "https://npm.golos.io/ansi-styles/-/ansi-styles-3.2.1.tgz",
          "integrity": "sha1-QfuyAkPlCxK+DwS43tvwdSDOhB0=",
          "requires": {
            "color-convert": "^1.9.0"
          }
        },
        "chalk": {
          "version": "2.4.2",
          "resolved": "https://npm.golos.io/chalk/-/chalk-2.4.2.tgz",
          "integrity": "sha1-zUJUFnelQzPPVBpJEIwUMrRMlCQ=",
          "requires": {
            "ansi-styles": "^3.2.1",
            "escape-string-regexp": "^1.0.5",
            "supports-color": "^5.3.0"
          },
          "dependencies": {
            "escape-string-regexp": {
              "version": "1.0.5",
              "resolved": "https://registry.npmjs.org/escape-string-regexp/-/escape-string-regexp-1.0.5.tgz",
              "integrity": "sha1-G2HAViGQqN/2rjuyzwIAyhMLhtQ="
            }
          }
        },
        "supports-color": {
          "version": "5.5.0",
          "resolved": "https://npm.golos.io/supports-color/-/supports-color-5.5.0.tgz",
          "integrity": "sha1-4uaaRKyHcveKHsCzW2id9lMO/I8=",
          "requires": {
            "has-flag": "^3.0.0"
          }
        }
      }
    },
    "saslprep": {
      "version": "1.0.3",
      "resolved": "https://npm.golos.io/saslprep/-/saslprep-1.0.3.tgz",
      "integrity": "sha1-TAL5RrVs9UKX40e6EJPnrKxM8iY=",
      "optional": true,
      "requires": {
        "sparse-bitfield": "^3.0.3"
      }
    },
    "seedrandom": {
      "version": "2.4.4",
      "resolved": "https://npm.golos.io/seedrandom/-/seedrandom-2.4.4.tgz",
      "integrity": "sha1-sl6phjLHPkX1i3fPqpMWeN8B+bo="
    },
    "semver": {
      "version": "5.7.0",
      "resolved": "https://npm.golos.io/semver/-/semver-5.7.0.tgz",
      "integrity": "sha1-eQp89v6lRZuslhELKbYEEtyP+Ws="
    },
    "send": {
      "version": "0.17.1",
      "resolved": "https://npm.golos.io/send/-/send-0.17.1.tgz",
      "integrity": "sha1-wdiwWfeQD3Rm3Uk4vcROEd2zdsg=",
      "requires": {
        "debug": "2.6.9",
        "depd": "~1.1.2",
        "destroy": "~1.0.4",
        "encodeurl": "~1.0.2",
        "escape-html": "~1.0.3",
        "etag": "~1.8.1",
        "fresh": "0.5.2",
        "http-errors": "~1.7.2",
        "mime": "1.6.0",
        "ms": "2.1.1",
        "on-finished": "~2.3.0",
        "range-parser": "~1.2.1",
        "statuses": "~1.5.0"
      },
      "dependencies": {
        "ms": {
          "version": "2.1.1",
          "resolved": "https://npm.golos.io/ms/-/ms-2.1.1.tgz",
          "integrity": "sha1-MKWGTrPrsKZvLr5tcnrwagnYbgo="
        }
      }
    },
    "serve-static": {
      "version": "1.14.1",
      "resolved": "https://npm.golos.io/serve-static/-/serve-static-1.14.1.tgz",
      "integrity": "sha1-Zm5jbcTwEPfvKZcKiKZ0MgiYsvk=",
      "requires": {
        "encodeurl": "~1.0.2",
        "escape-html": "~1.0.3",
        "parseurl": "~1.3.3",
        "send": "0.17.1"
      }
    },
    "setprototypeof": {
      "version": "1.1.1",
      "resolved": "https://npm.golos.io/setprototypeof/-/setprototypeof-1.1.1.tgz",
      "integrity": "sha1-fpWsskqpL1iF4KvvW6ExMw1K5oM="
    },
    "sha.js": {
      "version": "2.4.11",
      "resolved": "https://npm.golos.io/sha.js/-/sha.js-2.4.11.tgz",
      "integrity": "sha1-N6XPC4HsvGlD3hCbopYNGyZYSuc=",
      "requires": {
        "inherits": "^2.0.1",
        "safe-buffer": "^5.0.1"
      }
    },
    "sift": {
      "version": "7.0.1",
      "resolved": "https://npm.golos.io/sift/-/sift-7.0.1.tgz",
      "integrity": "sha1-R9YsULFZ0xbxNy+LU/nBDNIaSwg="
    },
    "sliced": {
      "version": "1.0.1",
      "resolved": "https://npm.golos.io/sliced/-/sliced-1.0.1.tgz",
      "integrity": "sha1-CzpmK10Ewxd7GSa+qCsD+Dei70E="
    },
    "source-map": {
      "version": "0.6.1",
      "resolved": "https://npm.golos.io/source-map/-/source-map-0.6.1.tgz",
      "integrity": "sha1-dHIq8y6WFOnCh6jQu95IteLxomM="
    },
    "sparse-bitfield": {
      "version": "3.0.3",
      "resolved": "https://npm.golos.io/sparse-bitfield/-/sparse-bitfield-3.0.3.tgz",
      "integrity": "sha1-/0rm5oZWBWuks+eSqzM004JzyhE=",
      "optional": true,
      "requires": {
        "memory-pager": "^1.0.2"
      }
    },
    "srcset": {
      "version": "1.0.0",
      "resolved": "https://npm.golos.io/srcset/-/srcset-1.0.0.tgz",
      "integrity": "sha1-pWad4StC87HV6D7QPHEEb8SPQe8=",
      "requires": {
        "array-uniq": "^1.0.2",
        "number-is-nan": "^1.0.0"
      }
    },
    "statuses": {
      "version": "1.5.0",
      "resolved": "https://npm.golos.io/statuses/-/statuses-1.5.0.tgz",
      "integrity": "sha1-Fhx9rBd2Wf2YEfQ3cfqZOBR4Yow="
    },
    "string_decoder": {
      "version": "1.2.0",
      "resolved": "https://npm.golos.io/string_decoder/-/string_decoder-1.2.0.tgz",
      "integrity": "sha1-/obnOLGVRK/nBGkkOyoe6SQOro0=",
      "requires": {
        "safe-buffer": "~5.1.0"
      }
    },
    "strip-ansi": {
      "version": "3.0.1",
      "resolved": "https://npm.golos.io/strip-ansi/-/strip-ansi-3.0.1.tgz",
      "integrity": "sha1-ajhfuIU9lS1f8F0Oiq+UJ43GPc8=",
      "requires": {
        "ansi-regex": "^2.0.0"
      }
    },
    "supports-color": {
      "version": "2.0.0",
      "resolved": "https://registry.npmjs.org/supports-color/-/supports-color-2.0.0.tgz",
      "integrity": "sha1-U10EXOa2Nj+kARcIRimZXp3zJMc="
    },
    "tdigest": {
      "version": "0.1.1",
      "resolved": "https://npm.golos.io/tdigest/-/tdigest-0.1.1.tgz",
      "integrity": "sha1-Ljyyw56kSeVdHmzZEReszKRYgCE=",
      "requires": {
        "bintrees": "1.0.1"
      }
    },
    "text-encoding": {
      "version": "0.7.0",
      "resolved": "https://npm.golos.io/text-encoding/-/text-encoding-0.7.0.tgz",
      "integrity": "sha1-+JXoNuRZkGJAhmAXmOqY6PNu5kM="
    },
    "then-sleep": {
      "version": "1.0.1",
      "resolved": "https://registry.npmjs.org/then-sleep/-/then-sleep-1.0.1.tgz",
      "integrity": "sha1-dZgjvcTeVroqIIEoaOuHKoA+0fk=",
      "requires": {
        "native-or-bluebird": "^1.2.0"
      }
    },
    "through": {
      "version": "2.3.8",
      "resolved": "https://npm.golos.io/through/-/through-2.3.8.tgz",
      "integrity": "sha1-DdTJ/6q8NXlgsbckEV1+Doai4fU="
    },
    "toidentifier": {
      "version": "1.0.0",
      "resolved": "https://npm.golos.io/toidentifier/-/toidentifier-1.0.0.tgz",
      "integrity": "sha1-fhvjRw8ed5SLxD2Uo8j013UrpVM="
    },
    "ts-nkeys": {
      "version": "1.0.12",
      "resolved": "https://npm.golos.io/ts-nkeys/-/ts-nkeys-1.0.12.tgz",
      "integrity": "sha1-zaR/SEL+LE+IsTA4FwUGc+Fqy4k=",
      "requires": {
        "tweetnacl": "^1.0.1"
      }
    },
    "tweetnacl": {
      "version": "1.0.1",
      "resolved": "https://npm.golos.io/tweetnacl/-/tweetnacl-1.0.1.tgz",
      "integrity": "sha1-JZTULac80Da9DSpUaD3TWmtVyhc="
    },
    "type-is": {
      "version": "1.6.18",
      "resolved": "https://npm.golos.io/type-is/-/type-is-1.6.18.tgz",
      "integrity": "sha1-TlUs0F3wlGfcvE73Od6J8s83wTE=",
      "requires": {
        "media-typer": "0.3.0",
        "mime-types": "~2.1.24"
      }
    },
    "unpipe": {
      "version": "1.0.0",
      "resolved": "https://npm.golos.io/unpipe/-/unpipe-1.0.0.tgz",
      "integrity": "sha1-sr9O6FFKrmFltIF4KdIbLvSZBOw="
    },
    "uri-js": {
      "version": "4.2.2",
      "resolved": "https://npm.golos.io/uri-js/-/uri-js-4.2.2.tgz",
      "integrity": "sha1-lMVA4f93KVbiKZUHwBCupsiDjrA=",
      "requires": {
        "punycode": "^2.1.0"
      }
    },
    "util-deprecate": {
      "version": "1.0.2",
      "resolved": "https://npm.golos.io/util-deprecate/-/util-deprecate-1.0.2.tgz",
      "integrity": "sha1-RQ1Nyfpw3nMnYvvS1KKJgUGaDM8="
    },
    "utils-merge": {
      "version": "1.0.1",
      "resolved": "https://npm.golos.io/utils-merge/-/utils-merge-1.0.1.tgz",
      "integrity": "sha1-n5VxD1CiZ5R7LMwSR0HBAoQn5xM="
    },
    "uuid": {
      "version": "3.3.2",
      "resolved": "https://npm.golos.io/uuid/-/uuid-3.3.2.tgz",
      "integrity": "sha1-G0r0lV6zB3xQHCOHL8ZROBFYcTE="
    },
    "valid-url": {
      "version": "1.0.9",
      "resolved": "https://registry.npmjs.org/valid-url/-/valid-url-1.0.9.tgz",
      "integrity": "sha1-HBRHm0DxOXp1eC8RXkCGRHQzogA="
    },
    "vary": {
      "version": "1.1.2",
      "resolved": "https://npm.golos.io/vary/-/vary-1.1.2.tgz",
      "integrity": "sha1-IpnwLG3tMNSllhsLn3RSShj2NPw="
    },
    "ws": {
      "version": "5.2.2",
      "resolved": "https://npm.golos.io/ws/-/ws-5.2.2.tgz",
      "integrity": "sha1-3/7xSGa46NyRM1glFNG++vlumA8=",
      "requires": {
        "async-limiter": "~1.0.0"
      }
    },
    "xtend": {
      "version": "4.0.2",
      "resolved": "https://registry.npmjs.org/xtend/-/xtend-4.0.2.tgz",
      "integrity": "sha1-u3J3n1+kZRhrH0OPZ0+jR/2121Q="
    }
  }
}
